<?xml version="1.0" encoding="utf-8"?>
<Project ToolsVersion="4.0" xmlns="http://schemas.microsoft.com/developer/msbuild/2003">
  <ItemGroup>
    <Filter Include="Source Files">
      <UniqueIdentifier>{4FC737F1-C7A5-4376-A066-2A32D752A2FF}</UniqueIdentifier>
      <Extensions>cpp;c;cc;cxx;def;odl;idl;hpj;bat;asm;asmx</Extensions>
    </Filter>
    <Filter Include="Resource Files">
      <UniqueIdentifier>{67DA6AB6-F800-4c08-8B7A-83BB121AAD01}</UniqueIdentifier>
      <Extensions>rc;ico;cur;bmp;dlg;rc2;rct;bin;rgs;gif;jpg;jpeg;jpe;resx;tiff;tif;png;wav;mfcribbon-ms</Extensions>
    </Filter>
    <Filter Include="Source Files\common">
      <UniqueIdentifier>{4f6dda88-f3e2-48b6-8cff-43f1266fc3e2}</UniqueIdentifier>
    </Filter>
    <Filter Include="Source Files\common\ai">
      <UniqueIdentifier>{3ff0e305-5ad7-47f3-8d44-a1f85a71a198}</UniqueIdentifier>
    </Filter>
    <Filter Include="Source Files\common\gui">
      <UniqueIdentifier>{059ff243-1ab8-4bd4-90c9-3b3afdbc3dc3}</UniqueIdentifier>
    </Filter>
    <Filter Include="Source Files\common\math">
      <UniqueIdentifier>{488cf6fc-eb1d-4be5-86f0-83baf2a3d4be}</UniqueIdentifier>
    </Filter>
    <Filter Include="Source Files\common\net">
      <UniqueIdentifier>{4961b3db-7239-4b02-8178-0f299210e59e}</UniqueIdentifier>
    </Filter>
    <Filter Include="Source Files\common\render">
      <UniqueIdentifier>{a1004ff6-5c12-4759-95f9-6c9fad80ecd9}</UniqueIdentifier>
    </Filter>
    <Filter Include="Source Files\common\save">
      <UniqueIdentifier>{83c18d5c-631e-43c0-84f6-3871d0b10bd4}</UniqueIdentifier>
    </Filter>
    <Filter Include="Source Files\common\script">
      <UniqueIdentifier>{4d831461-90c7-49b5-8cdc-27535190e81f}</UniqueIdentifier>
    </Filter>
    <Filter Include="Source Files\common\sim">
      <UniqueIdentifier>{b4aa0e60-0799-41b9-82db-1b30e10b9d8a}</UniqueIdentifier>
    </Filter>
    <Filter Include="Source Files\common\sound">
      <UniqueIdentifier>{0b89ed93-3099-4d85-9e73-b28de3506c53}</UniqueIdentifier>
    </Filter>
  </ItemGroup>
  <ItemGroup>
    <ClCompile Include="ggui.cpp">
      <Filter>Source Files</Filter>
    </ClCompile>
    <ClCompile Include="gmain.cpp">
      <Filter>Source Files</Filter>
    </ClCompile>
    <ClCompile Include="keymap.cpp">
      <Filter>Source Files</Filter>
    </ClCompile>
    <ClCompile Include="..\common\gui\font.cpp">
      <Filter>Source Files\common\gui</Filter>
    </ClCompile>
    <ClCompile Include="..\common\gui\gui.cpp">
      <Filter>Source Files\common\gui</Filter>
    </ClCompile>
    <ClCompile Include="..\common\math\3dmath.cpp">
      <Filter>Source Files\common\math</Filter>
    </ClCompile>
    <ClCompile Include="..\common\math\frustum.cpp">
      <Filter>Source Files\common\math</Filter>
    </ClCompile>
    <ClCompile Include="..\common\math\physics.cpp">
      <Filter>Source Files\common\math</Filter>
    </ClCompile>
    <ClCompile Include="..\common\render\model.cpp">
      <Filter>Source Files\common\render</Filter>
    </ClCompile>
    <ClCompile Include="..\common\render\ms3d.cpp">
      <Filter>Source Files\common\render</Filter>
    </ClCompile>
    <ClCompile Include="..\common\render\shader.cpp">
      <Filter>Source Files\common\render</Filter>
    </ClCompile>
    <ClCompile Include="..\common\render\shadow.cpp">
      <Filter>Source Files\common\render</Filter>
    </ClCompile>
    <ClCompile Include="..\common\window.cpp">
      <Filter>Source Files\common</Filter>
    </ClCompile>
    <ClCompile Include="..\common\debug.cpp">
      <Filter>Source Files\common</Filter>
    </ClCompile>
    <ClCompile Include="..\common\platform.cpp">
      <Filter>Source Files\common</Filter>
    </ClCompile>
    <ClCompile Include="..\common\render\vertexarray.cpp">
      <Filter>Source Files\common\render</Filter>
    </ClCompile>
    <ClCompile Include="..\common\gui\barbutton.cpp">
      <Filter>Source Files\common\gui</Filter>
    </ClCompile>
    <ClCompile Include="..\common\gui\button.cpp">
      <Filter>Source Files\common\gui</Filter>
    </ClCompile>
    <ClCompile Include="..\common\gui\checkbox.cpp">
      <Filter>Source Files\common\gui</Filter>
    </ClCompile>
    <ClCompile Include="..\common\gui\draw2d.cpp">
      <Filter>Source Files\common\gui</Filter>
    </ClCompile>
    <ClCompile Include="..\common\gui\dropdowns.cpp">
      <Filter>Source Files\common\gui</Filter>
    </ClCompile>
    <ClCompile Include="..\common\gui\editbox.cpp">
      <Filter>Source Files\common\gui</Filter>
    </ClCompile>
    <ClCompile Include="..\common\gui\frame.cpp">
      <Filter>Source Files\common\gui</Filter>
    </ClCompile>
    <ClCompile Include="..\common\gui\icon.cpp">
      <Filter>Source Files\common\gui</Filter>
    </ClCompile>
    <ClCompile Include="..\common\gui\image.cpp">
      <Filter>Source Files\common\gui</Filter>
    </ClCompile>
    <ClCompile Include="..\common\gui\insdraw.cpp">
      <Filter>Source Files\common\gui</Filter>
    </ClCompile>
    <ClCompile Include="..\common\gui\link.cpp">
      <Filter>Source Files\common\gui</Filter>
    </ClCompile>
    <ClCompile Include="..\common\gui\listbox.cpp">
      <Filter>Source Files\common\gui</Filter>
    </ClCompile>
    <ClCompile Include="..\common\gui\richtext.cpp">
      <Filter>Source Files\common\gui</Filter>
    </ClCompile>
    <ClCompile Include="..\common\gui\text.cpp">
      <Filter>Source Files\common\gui</Filter>
    </ClCompile>
    <ClCompile Include="..\common\gui\textarea.cpp">
      <Filter>Source Files\common\gui</Filter>
    </ClCompile>
    <ClCompile Include="..\common\gui\textblock.cpp">
      <Filter>Source Files\common\gui</Filter>
    </ClCompile>
    <ClCompile Include="..\common\gui\touchlistener.cpp">
      <Filter>Source Files\common\gui</Filter>
    </ClCompile>
    <ClCompile Include="..\common\gui\view.cpp">
      <Filter>Source Files\common\gui</Filter>
    </ClCompile>
    <ClCompile Include="..\common\gui\viewportw.cpp">
      <Filter>Source Files\common\gui</Filter>
    </ClCompile>
    <ClCompile Include="..\common\gui\widget.cpp">
      <Filter>Source Files\common\gui</Filter>
    </ClCompile>
    <ClCompile Include="..\common\math\camera.cpp">
      <Filter>Source Files\common\math</Filter>
    </ClCompile>
    <ClCompile Include="..\common\math\edge.cpp">
      <Filter>Source Files\common\math</Filter>
    </ClCompile>
    <ClCompile Include="..\common\math\line.cpp">
      <Filter>Source Files\common\math</Filter>
    </ClCompile>
    <ClCompile Include="..\common\math\matrix.cpp">
      <Filter>Source Files\common\math</Filter>
    </ClCompile>
    <ClCompile Include="..\common\math\plane.cpp">
      <Filter>Source Files\common\math</Filter>
    </ClCompile>
    <ClCompile Include="..\common\math\polygon.cpp">
      <Filter>Source Files\common\math</Filter>
    </ClCompile>
    <ClCompile Include="..\common\math\quaternion.cpp">
      <Filter>Source Files\common\math</Filter>
    </ClCompile>
    <ClCompile Include="..\common\math\vec3f.cpp">
      <Filter>Source Files\common\math</Filter>
    </ClCompile>
    <ClCompile Include="..\common\math\vec3i.cpp">
      <Filter>Source Files\common\math</Filter>
    </ClCompile>
    <ClCompile Include="..\common\math\vec4f.cpp">
      <Filter>Source Files\common\math</Filter>
    </ClCompile>
    <ClCompile Include="..\common\texture.cpp">
      <Filter>Source Files\common</Filter>
    </ClCompile>
    <ClCompile Include="..\common\ustring.cpp">
      <Filter>Source Files\common</Filter>
    </ClCompile>
    <ClCompile Include="..\common\utils.cpp">
      <Filter>Source Files\common</Filter>
    </ClCompile>
    <ClCompile Include="..\common\render\heightmap.cpp">
      <Filter>Source Files\common\render</Filter>
    </ClCompile>
    <ClCompile Include="..\common\sim\sim.cpp">
      <Filter>Source Files\common\sim</Filter>
    </ClCompile>
  </ItemGroup>
  <ItemGroup>
    <ClInclude Include="ggui.h">
      <Filter>Source Files</Filter>
    </ClInclude>
    <ClInclude Include="gmain.h">
      <Filter>Source Files</Filter>
    </ClInclude>
    <ClInclude Include="gres.h">
      <Filter>Source Files</Filter>
    </ClInclude>
    <ClInclude Include="keymap.h">
      <Filter>Source Files</Filter>
    </ClInclude>
    <ClInclude Include="..\common\gui\font.h">
      <Filter>Source Files\common\gui</Filter>
    </ClInclude>
    <ClInclude Include="..\common\gui\gui.h">
      <Filter>Source Files\common\gui</Filter>
    </ClInclude>
    <ClInclude Include="..\common\math\3dmath.h">
      <Filter>Source Files\common\math</Filter>
    </ClInclude>
    <ClInclude Include="..\common\math\frustum.h">
      <Filter>Source Files\common\math</Filter>
    </ClInclude>
    <ClInclude Include="..\common\math\physics.h">
      <Filter>Source Files\common\math</Filter>
    </ClInclude>
    <ClInclude Include="..\common\render\model.h">
      <Filter>Source Files\common\render</Filter>
    </ClInclude>
    <ClInclude Include="..\common\render\ms3d.h">
      <Filter>Source Files\common\render</Filter>
    </ClInclude>
    <ClInclude Include="..\common\render\shader.h">
      <Filter>Source Files\common\render</Filter>
    </ClInclude>
    <ClInclude Include="..\common\render\shadow.h">
      <Filter>Source Files\common\render</Filter>
    </ClInclude>
    <ClInclude Include="..\common\window.h">
      <Filter>Source Files\common</Filter>
    </ClInclude>
    <ClInclude Include="..\common\debug.h">
      <Filter>Source Files\common</Filter>
    </ClInclude>
    <ClInclude Include="..\common\platform.h">
      <Filter>Source Files\common</Filter>
    </ClInclude>
    <ClInclude Include="..\common\render\vertexarray.h">
      <Filter>Source Files\common\render</Filter>
    </ClInclude>
    <ClInclude Include="..\common\gui\barbutton.h">
      <Filter>Source Files\common\gui</Filter>
    </ClInclude>
    <ClInclude Include="..\common\gui\button.h">
      <Filter>Source Files\common\gui</Filter>
    </ClInclude>
    <ClInclude Include="..\common\gui\checkbox.h">
      <Filter>Source Files\common\gui</Filter>
    </ClInclude>
    <ClInclude Include="..\common\gui\draw2d.h">
      <Filter>Source Files\common\gui</Filter>
    </ClInclude>
    <ClInclude Include="..\common\gui\dropdowns.h">
      <Filter>Source Files\common\gui</Filter>
    </ClInclude>
    <ClInclude Include="..\common\gui\editbox.h">
      <Filter>Source Files\common\gui</Filter>
    </ClInclude>
    <ClInclude Include="..\common\gui\frame.h">
      <Filter>Source Files\common\gui</Filter>
    </ClInclude>
    <ClInclude Include="..\common\gui\icon.h">
      <Filter>Source Files\common\gui</Filter>
    </ClInclude>
    <ClInclude Include="..\common\gui\image.h">
      <Filter>Source Files\common\gui</Filter>
    </ClInclude>
    <ClInclude Include="..\common\gui\insdraw.h">
      <Filter>Source Files\common\gui</Filter>
    </ClInclude>
    <ClInclude Include="..\common\gui\link.h">
      <Filter>Source Files\common\gui</Filter>
    </ClInclude>
    <ClInclude Include="..\common\gui\listbox.h">
      <Filter>Source Files\common\gui</Filter>
    </ClInclude>
    <ClInclude Include="..\common\gui\richtext.h">
      <Filter>Source Files\common\gui</Filter>
    </ClInclude>
    <ClInclude Include="..\common\gui\text.h">
      <Filter>Source Files\common\gui</Filter>
    </ClInclude>
    <ClInclude Include="..\common\gui\textarea.h">
      <Filter>Source Files\common\gui</Filter>
    </ClInclude>
    <ClInclude Include="..\common\gui\textblock.h">
      <Filter>Source Files\common\gui</Filter>
    </ClInclude>
    <ClInclude Include="..\common\gui\touchlistener.h">
      <Filter>Source Files\common\gui</Filter>
    </ClInclude>
    <ClInclude Include="..\common\gui\view.h">
      <Filter>Source Files\common\gui</Filter>
    </ClInclude>
    <ClInclude Include="..\common\gui\viewportw.h">
      <Filter>Source Files\common\gui</Filter>
    </ClInclude>
    <ClInclude Include="..\common\gui\widget.h">
      <Filter>Source Files\common\gui</Filter>
    </ClInclude>
    <ClInclude Include="..\common\math\camera.h">
      <Filter>Source Files\common\math</Filter>
    </ClInclude>
    <ClInclude Include="..\common\math\edge.h">
      <Filter>Source Files\common\math</Filter>
    </ClInclude>
    <ClInclude Include="..\common\math\line.h">
      <Filter>Source Files\common\math</Filter>
    </ClInclude>
    <ClInclude Include="..\common\math\matrix.h">
      <Filter>Source Files\common\math</Filter>
    </ClInclude>
    <ClInclude Include="..\common\math\plane.h">
      <Filter>Source Files\common\math</Filter>
    </ClInclude>
    <ClInclude Include="..\common\math\polygon.h">
      <Filter>Source Files\common\math</Filter>
    </ClInclude>
    <ClInclude Include="..\common\math\quaternion.h">
      <Filter>Source Files\common\math</Filter>
    </ClInclude>
    <ClInclude Include="..\common\math\triangle.h">
      <Filter>Source Files\common\math</Filter>
    </ClInclude>
    <ClInclude Include="..\common\math\vec2f.h">
      <Filter>Source Files\common\math</Filter>
    </ClInclude>
    <ClInclude Include="..\common\math\vec2i.h">
      <Filter>Source Files\common\math</Filter>
    </ClInclude>
    <ClInclude Include="..\common\math\vec3f.h">
      <Filter>Source Files\common\math</Filter>
    </ClInclude>
    <ClInclude Include="..\common\math\vec3i.h">
      <Filter>Source Files\common\math</Filter>
    </ClInclude>
    <ClInclude Include="..\common\math\vec4f.h">
      <Filter>Source Files\common\math</Filter>
    </ClInclude>
    <ClInclude Include="..\common\texture.h">
      <Filter>Source Files\common</Filter>
    </ClInclude>
    <ClInclude Include="..\common\ustring.h">
      <Filter>Source Files\common</Filter>
    </ClInclude>
    <ClInclude Include="..\common\utils.h">
      <Filter>Source Files\common</Filter>
    </ClInclude>
    <ClInclude Include="..\common\render\heightmap.h">
      <Filter>Source Files\common\render</Filter>
    </ClInclude>
    <ClInclude Include="..\common\sim\sim.h">
      <Filter>Source Files\common\sim</Filter>
    </ClInclude>
  </ItemGroup>
  <ItemGroup>
    <ResourceCompile Include="res.rc">
      <Filter>Resource Files</Filter>
    </ResourceCompile>
  </ItemGroup>
</Project>